
Microsoft Visual Studio Solution File, Format Version 12.00
# Visual Studio 2012
Project("{FAE04EC0-301F-11D3-BF4B-00C04F79EFBC}") = "CI_POC.Web", "CI_POC.Web\CI_POC.Web.csproj", "{7D430286-E6D6-4565-BF01-3C04A261A40A}"
EndProject
Project("{FAE04EC0-301F-11D3-BF4B-00C04F79EFBC}") = "CI_POC.Web.Tests", "CI_POC.Web.Tests\CI_POC.Web.Tests.csproj", "{60471F40-F154-4AA7-97CD-013F6CBA94BE}"
EndProject
Global
	GlobalSection(SolutionConfigurationPlatforms) = preSolution
		Debug|Any CPU = Debug|Any CPU
		Release|Any CPU = Release|Any CPU
	EndGlobalSection
	GlobalSection(ProjectConfigurationPlatforms) = postSolution
		{7D430286-E6D6-4565-BF01-3C04A261A40A}.Debug|Any CPU.ActiveCfg = Debug|Any CPU
		{7D430286-E6D6-4565-BF01-3C04A261A40A}.Debug|Any CPU.Build.0 = Debug|Any CPU
		{7D430286-E6D6-4565-BF01-3C04A261A40A}.Release|Any CPU.ActiveCfg = Release|Any CPU
		{7D430286-E6D6-4565-BF01-3C04A261A40A}.Release|Any CPU.Build.0 = Release|Any CPU
		{60471F40-F154-4AA7-97CD-013F6CBA94BE}.Debug|Any CPU.ActiveCfg = Debug|Any CPU
		{60471F40-F154-4AA7-97CD-013F6CBA94BE}.Debug|Any CPU.Build.0 = Debug|Any CPU
		{60471F40-F154-4AA7-97CD-013F6CBA94BE}.Release|Any CPU.ActiveCfg = Release|Any CPU
		{60471F40-F154-4AA7-97CD-013F6CBA94BE}.Release|Any CPU.Build.0 = Release|Any CPU
	EndGlobalSection
	GlobalSection(SolutionProperties) = preSolution
		HideSolutionNode = FALSE
	EndGlobalSection
EndGlobal
