
Microsoft Visual Studio Solution File, Format Version 12.00
# Visual Studio 2012
Project("{FAE04EC0-301F-11D3-BF4B-00C04F79EFBC}") = "MvcApplication1", "MvcApplication1\MvcApplication1.csproj", "{9F0D57AE-BB11-42B3-BEFD-93C8FCD7C9AB}"
EndProject
Project("{FAE04EC0-301F-11D3-BF4B-00C04F79EFBC}") = "MvcApplication1.Tests", "MvcApplication1.Tests\MvcApplication1.Tests.csproj", "{23068109-015F-41D5-BDEF-4957B4A95888}"
EndProject
Global
	GlobalSection(SolutionConfigurationPlatforms) = preSolution
		Debug|Any CPU = Debug|Any CPU
		Release|Any CPU = Release|Any CPU
	EndGlobalSection
	GlobalSection(ProjectConfigurationPlatforms) = postSolution
		{9F0D57AE-BB11-42B3-BEFD-93C8FCD7C9AB}.Debug|Any CPU.ActiveCfg = Debug|Any CPU
		{9F0D57AE-BB11-42B3-BEFD-93C8FCD7C9AB}.Debug|Any CPU.Build.0 = Debug|Any CPU
		{9F0D57AE-BB11-42B3-BEFD-93C8FCD7C9AB}.Release|Any CPU.ActiveCfg = Release|Any CPU
		{9F0D57AE-BB11-42B3-BEFD-93C8FCD7C9AB}.Release|Any CPU.Build.0 = Release|Any CPU
		{23068109-015F-41D5-BDEF-4957B4A95888}.Debug|Any CPU.ActiveCfg = Debug|Any CPU
		{23068109-015F-41D5-BDEF-4957B4A95888}.Debug|Any CPU.Build.0 = Debug|Any CPU
		{23068109-015F-41D5-BDEF-4957B4A95888}.Release|Any CPU.ActiveCfg = Release|Any CPU
		{23068109-015F-41D5-BDEF-4957B4A95888}.Release|Any CPU.Build.0 = Release|Any CPU
	EndGlobalSection
	GlobalSection(SolutionProperties) = preSolution
		HideSolutionNode = FALSE
	EndGlobalSection
EndGlobal
